Microsoft Visual Studio Solution File, Format Version 12.00
# Visual Studio Version 17
VisualStudioVersion = 17.5.2.0
MinimumVisualStudioVersion = 10.0.40219.1
Project("{FAE04EC0-301F-11D3-BF4B-00C04F79EFBC}") = "assignment13", "assignment13.csproj", "{3CFA1E96-B905-AE67-471A-D8E07ADBAF95}"
EndProject
Global
	GlobalSection(SolutionConfigurationPlatforms) = preSolution
		Debug|Any CPU = Debug|Any CPU
		Release|Any CPU = Release|Any CPU
	EndGlobalSection
	GlobalSection(ProjectConfigurationPlatforms) = postSolution
		{3CFA1E96-B905-AE67-471A-D8E07ADBAF95}.Debug|Any CPU.ActiveCfg = Debug|Any CPU
		{3CFA1E96-B905-AE67-471A-D8E07ADBAF95}.Debug|Any CPU.Build.0 = Debug|Any CPU
		{3CFA1E96-B905-AE67-471A-D8E07ADBAF95}.Release|Any CPU.ActiveCfg = Release|Any CPU
		{3CFA1E96-B905-AE67-471A-D8E07ADBAF95}.Release|Any CPU.Build.0 = Release|Any CPU
	EndGlobalSection
	GlobalSection(SolutionProperties) = preSolution
		HideSolutionNode = FALSE
	EndGlobalSection
	GlobalSection(ExtensibilityGlobals) = postSolution
		SolutionGuid = {C1DAB968-0D64-49C5-9E52-E8DF64BE6CCC}
	EndGlobalSection
EndGlobal
