Microsoft Visual Studio Solution File, Format Version 12.00
# Visual Studio Version 17
VisualStudioVersion = 17.5.2.0
MinimumVisualStudioVersion = 10.0.40219.1
Project("{FAE04EC0-301F-11D3-BF4B-00C04F79EFBC}") = "assignement6", "assignement6.csproj", "{A205B6CA-E2F2-6BDC-1FD9-A6F1426BF4B4}"
EndProject
Global
	GlobalSection(SolutionConfigurationPlatforms) = preSolution
		Debug|Any CPU = Debug|Any CPU
		Release|Any CPU = Release|Any CPU
	EndGlobalSection
	GlobalSection(ProjectConfigurationPlatforms) = postSolution
		{A205B6CA-E2F2-6BDC-1FD9-A6F1426BF4B4}.Debug|Any CPU.ActiveCfg = Debug|Any CPU
		{A205B6CA-E2F2-6BDC-1FD9-A6F1426BF4B4}.Debug|Any CPU.Build.0 = Debug|Any CPU
		{A205B6CA-E2F2-6BDC-1FD9-A6F1426BF4B4}.Release|Any CPU.ActiveCfg = Release|Any CPU
		{A205B6CA-E2F2-6BDC-1FD9-A6F1426BF4B4}.Release|Any CPU.Build.0 = Release|Any CPU
	EndGlobalSection
	GlobalSection(SolutionProperties) = preSolution
		HideSolutionNode = FALSE
	EndGlobalSection
	GlobalSection(ExtensibilityGlobals) = postSolution
		SolutionGuid = {B6868FC7-9687-4839-A10A-D3E83E1DEAF5}
	EndGlobalSection
EndGlobal
