Microsoft Visual Studio Solution File, Format Version 12.00
# Visual Studio Version 17
VisualStudioVersion = 17.5.2.0
MinimumVisualStudioVersion = 10.0.40219.1
Project("{FAE04EC0-301F-11D3-BF4B-00C04F79EFBC}") = "assignment9", "assignment9.csproj", "{430D14B5-ED3D-5AF6-D348-CE17816765B6}"
EndProject
Global
	GlobalSection(SolutionConfigurationPlatforms) = preSolution
		Debug|Any CPU = Debug|Any CPU
		Release|Any CPU = Release|Any CPU
	EndGlobalSection
	GlobalSection(ProjectConfigurationPlatforms) = postSolution
		{430D14B5-ED3D-5AF6-D348-CE17816765B6}.Debug|Any CPU.ActiveCfg = Debug|Any CPU
		{430D14B5-ED3D-5AF6-D348-CE17816765B6}.Debug|Any CPU.Build.0 = Debug|Any CPU
		{430D14B5-ED3D-5AF6-D348-CE17816765B6}.Release|Any CPU.ActiveCfg = Release|Any CPU
		{430D14B5-ED3D-5AF6-D348-CE17816765B6}.Release|Any CPU.Build.0 = Release|Any CPU
	EndGlobalSection
	GlobalSection(SolutionProperties) = preSolution
		HideSolutionNode = FALSE
	EndGlobalSection
	GlobalSection(ExtensibilityGlobals) = postSolution
		SolutionGuid = {E6702866-EDC1-4B61-B1DD-937A433F1D0E}
	EndGlobalSection
EndGlobal
